github.com/gantry-tools/gantry-core v0.2.0 h1:HSoE/CQjn6D3n4CW4h3o0mMNhe/ZdvIaMT3Z110D53Q=
github.com/gantry-tools/gantry-core v0.2.0/go.mod h1:aU1Dg8E/T5SCoqbJhrXwqtJELvTfz/7jWjHL1U9egAU=
github.com/gantry-tools/gantry-core v0.2.1-0.20260914150650-e6c20ace0e08 h1:coDPHn066vJO92ssZumyrzO3ZvSlk+vTJ1QBAF+76Yo=
github.com/gantry-tools/gantry-core v0.2.1-0.20260914150650-e6c20ace0e08/go.mod h1:aU1Dg8E/T5SCoqbJhrXwqtJELvTfz/7jWjHL1U9egAU=
golang.org/x/sys v0.28.0 h1:Fksou7UEQUWlKvIdsqzJmUmCX3cZuD2+P3XyyzwMhlA=
golang.org/x/sys v0.28.0/go.mod h1:/VUhepiaJMQUp4+oa/7Zr1D23ma6VTLIYjOOTFZPUcA=
