github.com/gantry-tools/gantry-core v0.4.3-0.20260918094353-6b6b1f417935 h1:Fm5SI9MEmoW1kdntcxMDuQoD3usaXGWtaez0b6X+ea8=
github.com/gantry-tools/gantry-core v0.4.3-0.20260918094353-6b6b1f417935/go.mod h1:qaG9SskgxsW4WrQ4cofKZgkbRYyJSqVKzFgdY27Vs7g=
golang.org/x/sys v0.45.0 h1:dO4czNzziLiiXplLQgBCEpCvXQ3dnkn0SdaZSYdQ+FY=
golang.org/x/sys v0.45.0/go.mod h1:4GL1E5IUh+htKOUEOaiffhrAeqysfVGipDYzABqnCmw=
