github.com/gantry-tools/gantry-core v0.1.1 h1:PKl1IHAslpC1X4ovQZIapOiCyT9MwGdyA1BjTe6AaIg=
github.com/gantry-tools/gantry-core v0.1.1/go.mod h1:PJCXWKDYXvPVDeJ6kT8hHPjiBNZ8sx3ug/kLYsf8was=
golang.org/x/sys v0.28.0 h1:Fksou7UEQUWlKvIdsqzJmUmCX3cZuD2+P3XyyzwMhlA=
golang.org/x/sys v0.28.0/go.mod h1:/VUhepiaJMQUp4+oa/7Zr1D23ma6VTLIYjOOTFZPUcA=
